PODS:
  - SVProgressHUD (2.2.5)
  - ZYUIToolsPod (0.1.0):
    - SVProgressHUD

DEPENDENCIES:
  - ZYUIToolsPod (from `../`)

SPEC REPOS:
  trunk:
    - SVProgressHUD

EXTERNAL SOURCES:
  ZYUIToolsPod:
    :path: "../"

SPEC CHECKSUMS:
  SVProgressHUD: 1428aafac632c1f86f62aa4243ec12008d7a51d6
  ZYUIToolsPod: c1f6238a9b794f36235001909688310c0578f16f

PODFILE CHECKSUM: 4503e27d983c6843a49c24fc3a469bcb3126616b

COCOAPODS: 1.8.4
